lockfileVersion: '9.0'

settings:
  autoInstallPeers: true
  excludeLinksFromLockfile: false

importers:

  .:
    devDependencies:
      tailwindcss:
        specifier: ^4.1.14
        version: 4.1.14

packages:

  tailwindcss@4.1.14:
    resolution: {integrity: sha512-b7pCxjGO98LnxVkKjaZSDeNuljC4ueKUddjENJOADtubtdo8llTaJy7HwBMeLNSSo2N5QIAgklslK1+Ir8r6CA==}

snapshots:

  tailwindcss@4.1.14: {}
